{
  "name": "ring-css-framework",
  "version": "1.0.0",
  "lockfileVersion": 1,
  "requires": true,
  "dependencies": {
    "bulma": {
      "version": "0.5.1",
      "resolved": "https://registry.npmjs.org/bulma/-/bulma-0.5.1.tgz",
      "integrity": "sha1-2ygxyUr+cyJQx7ElJ6e3kqTcnvg="
    }
  }
}
