# THIS IS AN AUTOGENERATED FILE. DO NOT EDIT THIS FILE DIRECTLY.
# yarn lockfile v1


bootstrap@4.0.0-beta:
  version "4.0.0-beta"
  resolved "https://registry.yarnpkg.com/bootstrap/-/bootstrap-4.0.0-beta.tgz#dc5928175d2e71310bc668cf9e05a907211b72a6"

bulma@^0.5.1:
  version "0.5.1"
  resolved "https://registry.yarnpkg.com/bulma/-/bulma-0.5.1.tgz#db2831c94afe732250c7b12527a7b792a4dc9ef8"

cssom@0.2.x:
  version "0.2.5"
  resolved "https://registry.yarnpkg.com/cssom/-/cssom-0.2.5.tgz#2682709b5902e7212df529116ff788cd5b254894"

debug@*:
  version "3.0.1"
  resolved "https://registry.yarnpkg.com/debug/-/debug-3.0.1.tgz#0564c612b521dc92d9f2988f0549e34f9c98db64"
  dependencies:
    ms "2.0.0"

foundation@^4.2.1-1:
  version "4.2.1-1"
  resolved "https://registry.yarnpkg.com/foundation/-/foundation-4.2.1-1.tgz#4e497e2d9737533334b1e68354cd8dd039cbc47b"
  dependencies:
    stylus "~0.32.1"
    stylus-type-utils "~0.0.3"

"gplus-bootstrap-ext@git+ssh://git@git.gplusmedia.com:library/front-end/gplus-bootstrap-ext":
  version "2.1.19"
  resolved "git+ssh://git@git.gplusmedia.com:library/front-end/gplus-bootstrap-ext#0a6ed58ae52c5d9bca6f78d23c6e194bea2aeac3"

milligram@^1.3.0:
  version "1.3.0"
  resolved "https://registry.yarnpkg.com/milligram/-/milligram-1.3.0.tgz#a5d980ef8eaf79337c96a8d7c7e176764931042c"
  dependencies:
    normalize.css "~5.0.0"

mkdirp@0.3.x:
  version "0.3.5"
  resolved "https://registry.yarnpkg.com/mkdirp/-/mkdirp-0.3.5.tgz#de3e5f8961c88c787ee1368df849ac4413eca8d7"

ms@2.0.0:
  version "2.0.0"
  resolved "https://registry.yarnpkg.com/ms/-/ms-2.0.0.tgz#5608aeadfc00be6c2901df5f9861788de0d597c8"

normalize.css@^7.0.0:
  version "7.0.0"
  resolved "https://registry.yarnpkg.com/normalize.css/-/normalize.css-7.0.0.tgz#abfb1dd82470674e0322b53ceb1aaf412938e4bf"

normalize.css@~5.0.0:
  version "5.0.0"
  resolved "https://registry.yarnpkg.com/normalize.css/-/normalize.css-5.0.0.tgz#7cec875ce8178a5333c4de80b68ea9c18b9d7c37"

stylus-type-utils@~0.0.3:
  version "0.0.3"
  resolved "https://registry.yarnpkg.com/stylus-type-utils/-/stylus-type-utils-0.0.3.tgz#f048334728bb5144ecd599c627553db64ea0a6bb"

stylus@~0.32.1:
  version "0.32.1"
  resolved "https://registry.yarnpkg.com/stylus/-/stylus-0.32.1.tgz#3d28275bd9f181085f8dd0fa52a8559696978212"
  dependencies:
    cssom "0.2.x"
    debug "*"
    mkdirp "0.3.x"
